PODS:
  - AFNetworking/NSURLSession (4.0.1):
    - AFNetworking/Reachability
    - AFNetworking/Security
    - AFNetworking/Serialization
  - AFNetworking/Reachability (4.0.1)
  - AFNetworking/Security (4.0.1)
  - AFNetworking/Serialization (4.0.1)
  - Alamofire (4.9.1)
  - Differentiator (4.0.1)
  - HandyJSON (5.0.2)
  - Instructions (2.0.0)
  - iVersion (1.11.5)
  - KakaJSON (1.1.2)
  - Kingfisher (4.10.1)
  - MJRefresh (3.4.3)
  - Moya (13.0.1):
    - Moya/Core (= 13.0.1)
  - Moya/Core (13.0.1):
    - Alamofire (~> 4.1)
    - Result (~> 4.1)
  - ObjectMapper (4.2.0)
  - pop (1.0.12)
  - QMUIKit (4.1.3):
    - QMUIKit/QMUIComponents (= 4.1.3)
    - QMUIKit/QMUICore (= 4.1.3)
    - QMUIKit/QMUILog (= 4.1.3)
    - QMUIKit/QMUIMainFrame (= 4.1.3)
    - QMUIKit/QMUIWeakObjectContainer (= 4.1.3)
  - QMUIKit/QMUIComponents (4.1.3):
    - QMUIKit/QMUIComponents/NavigationBarTransition (= 4.1.3)
    - QMUIKit/QMUIComponents/QMUIAlertController (= 4.1.3)
    - QMUIKit/QMUIComponents/QMUIAnimation (= 4.1.3)
    - QMUIKit/QMUIComponents/QMUIAppearance (= 4.1.3)
    - QMUIKit/QMUIComponents/QMUIAssetLibrary (= 4.1.3)
    - QMUIKit/QMUIComponents/QMUIBadge (= 4.1.3)
    - QMUIKit/QMUIComponents/QMUIButton (= 4.1.3)
    - QMUIKit/QMUIComponents/QMUICAAnimationExtension (= 4.1.3)
    - QMUIKit/QMUIComponents/QMUICALayerExtension (= 4.1.3)
    - QMUIKit/QMUIComponents/QMUICellHeightCache (= 4.1.3)
    - QMUIKit/QMUIComponents/QMUICellHeightKeyCache (= 4.1.3)
    - QMUIKit/QMUIComponents/QMUICellSizeKeyCache (= 4.1.3)
    - QMUIKit/QMUIComponents/QMUICollectionViewPagingLayout (= 4.1.3)
    - QMUIKit/QMUIComponents/QMUIConsole (= 4.1.3)
    - QMUIKit/QMUIComponents/QMUIDialogViewController (= 4.1.3)
    - QMUIKit/QMUIComponents/QMUIEmotionInputManager (= 4.1.3)
    - QMUIKit/QMUIComponents/QMUIEmotionView (= 4.1.3)
    - QMUIKit/QMUIComponents/QMUIEmptyView (= 4.1.3)
    - QMUIKit/QMUIComponents/QMUIFillButton (= 4.1.3)
    - QMUIKit/QMUIComponents/QMUIFloatLayoutView (= 4.1.3)
    - QMUIKit/QMUIComponents/QMUIGhostButton (= 4.1.3)
    - QMUIKit/QMUIComponents/QMUIGridView (= 4.1.3)
    - QMUIKit/QMUIComponents/QMUIImagePickerLibrary (= 4.1.3)
    - QMUIKit/QMUIComponents/QMUIImagePreviewView (= 4.1.3)
    - QMUIKit/QMUIComponents/QMUIKeyboardManager (= 4.1.3)
    - QMUIKit/QMUIComponents/QMUILabel (= 4.1.3)
    - QMUIKit/QMUIComponents/QMUILinkButton (= 4.1.3)
    - QMUIKit/QMUIComponents/QMUILogManagerViewController (= 4.1.3)
    - QMUIKit/QMUIComponents/QMUILogWithConfigurationSupported (= 4.1.3)
    - QMUIKit/QMUIComponents/QMUIMarqueeLabel (= 4.1.3)
    - QMUIKit/QMUIComponents/QMUIModalPresentationViewController (= 4.1.3)
    - QMUIKit/QMUIComponents/QMUIMoreOperationController (= 4.1.3)
    - QMUIKit/QMUIComponents/QMUIMultipleDelegates (= 4.1.3)
    - QMUIKit/QMUIComponents/QMUINavigationButton (= 4.1.3)
    - QMUIKit/QMUIComponents/QMUINavigationTitleView (= 4.1.3)
    - QMUIKit/QMUIComponents/QMUIOrderedDictionary (= 4.1.3)
    - QMUIKit/QMUIComponents/QMUIPieProgressView (= 4.1.3)
    - QMUIKit/QMUIComponents/QMUIPopupContainerView (= 4.1.3)
    - QMUIKit/QMUIComponents/QMUIPopupMenuView (= 4.1.3)
    - QMUIKit/QMUIComponents/QMUIScrollAnimator (= 4.1.3)
    - QMUIKit/QMUIComponents/QMUISearchBar (= 4.1.3)
    - QMUIKit/QMUIComponents/QMUISearchController (= 4.1.3)
    - QMUIKit/QMUIComponents/QMUISegmentedControl (= 4.1.3)
    - QMUIKit/QMUIComponents/QMUISlider (= 4.1.3)
    - QMUIKit/QMUIComponents/QMUIStaticTableView (= 4.1.3)
    - QMUIKit/QMUIComponents/QMUITableView (= 4.1.3)
    - QMUIKit/QMUIComponents/QMUITableViewCell (= 4.1.3)
    - QMUIKit/QMUIComponents/QMUITableViewHeaderFooterView (= 4.1.3)
    - QMUIKit/QMUIComponents/QMUITableViewProtocols (= 4.1.3)
    - QMUIKit/QMUIComponents/QMUITestView (= 4.1.3)
    - QMUIKit/QMUIComponents/QMUITextField (= 4.1.3)
    - QMUIKit/QMUIComponents/QMUITextView (= 4.1.3)
    - QMUIKit/QMUIComponents/QMUITheme (= 4.1.3)
    - QMUIKit/QMUIComponents/QMUITips (= 4.1.3)
    - QMUIKit/QMUIComponents/QMUIToastView (= 4.1.3)
    - QMUIKit/QMUIComponents/QMUIToolbarButton (= 4.1.3)
    - QMUIKit/QMUIComponents/QMUIVisualEffectView (= 4.1.3)
    - QMUIKit/QMUIComponents/QMUIWindowSizeMonitor (= 4.1.3)
    - QMUIKit/QMUIComponents/QMUIZoomImageView (= 4.1.3)
    - QMUIKit/QMUICore
  - QMUIKit/QMUIComponents/NavigationBarTransition (4.1.3):
    - QMUIKit/QMUIComponents/QMUINavigationTitleView
    - QMUIKit/QMUICore
    - QMUIKit/QMUIMainFrame
  - QMUIKit/QMUIComponents/QMUIAlertController (4.1.3):
    - QMUIKit/QMUIComponents/QMUIAppearance
    - QMUIKit/QMUIComponents/QMUIButton
    - QMUIKit/QMUIComponents/QMUIKeyboardManager
    - QMUIKit/QMUIComponents/QMUIModalPresentationViewController
    - QMUIKit/QMUIComponents/QMUITextField
    - QMUIKit/QMUICore
  - QMUIKit/QMUIComponents/QMUIAnimation (4.1.3):
    - QMUIKit/QMUICore
  - QMUIKit/QMUIComponents/QMUIAppearance (4.1.3):
    - QMUIKit/QMUICore
  - QMUIKit/QMUIComponents/QMUIAssetLibrary (4.1.3):
    - QMUIKit/QMUICore
  - QMUIKit/QMUIComponents/QMUIBadge (4.1.3):
    - QMUIKit/QMUIComponents/QMUILabel
    - QMUIKit/QMUICore
  - QMUIKit/QMUIComponents/QMUIButton (4.1.3):
    - QMUIKit/QMUICore
  - QMUIKit/QMUIComponents/QMUICAAnimationExtension (4.1.3):
    - QMUIKit/QMUIComponents/QMUIMultipleDelegates
    - QMUIKit/QMUICore
  - QMUIKit/QMUIComponents/QMUICALayerExtension (4.1.3):
    - QMUIKit/QMUIComponents/QMUIMultipleDelegates
    - QMUIKit/QMUICore
  - QMUIKit/QMUIComponents/QMUICellHeightCache (4.1.3):
    - QMUIKit/QMUIComponents/QMUITableViewProtocols
    - QMUIKit/QMUICore
  - QMUIKit/QMUIComponents/QMUICellHeightKeyCache (4.1.3):
    - QMUIKit/QMUIComponents/QMUIMultipleDelegates
    - QMUIKit/QMUIComponents/QMUITableViewProtocols
    - QMUIKit/QMUICore
  - QMUIKit/QMUIComponents/QMUICellSizeKeyCache (4.1.3):
    - QMUIKit/QMUIComponents/QMUIMultipleDelegates
    - QMUIKit/QMUICore
  - QMUIKit/QMUIComponents/QMUICollectionViewPagingLayout (4.1.3):
    - QMUIKit/QMUICore
  - QMUIKit/QMUIComponents/QMUIConsole (4.1.3):
    - QMUIKit/QMUIComponents/QMUIButton
    - QMUIKit/QMUIComponents/QMUICAAnimationExtension
    - QMUIKit/QMUIComponents/QMUIPopupMenuView
    - QMUIKit/QMUIComponents/QMUITextField
    - QMUIKit/QMUIComponents/QMUITextView
    - QMUIKit/QMUICore
  - QMUIKit/QMUIComponents/QMUIDialogViewController (4.1.3):
    - QMUIKit/QMUIComponents/QMUIAppearance
    - QMUIKit/QMUIComponents/QMUIButton
    - QMUIKit/QMUIComponents/QMUILabel
    - QMUIKit/QMUIComponents/QMUIModalPresentationViewController
    - QMUIKit/QMUIComponents/QMUINavigationTitleView
    - QMUIKit/QMUIComponents/QMUITableView
    - QMUIKit/QMUIComponents/QMUITableViewCell
    - QMUIKit/QMUIComponents/QMUITextField
    - QMUIKit/QMUICore
    - QMUIKit/QMUIMainFrame
  - QMUIKit/QMUIComponents/QMUIEmotionInputManager (4.1.3):
    - QMUIKit/QMUIComponents/QMUIEmotionView
    - QMUIKit/QMUICore
  - QMUIKit/QMUIComponents/QMUIEmotionView (4.1.3):
    - QMUIKit/QMUIComponents/QMUIButton
    - QMUIKit/QMUICore
  - QMUIKit/QMUIComponents/QMUIEmptyView (4.1.3):
    - QMUIKit/QMUIComponents/QMUIAppearance
    - QMUIKit/QMUIComponents/QMUIButton
    - QMUIKit/QMUICore
  - QMUIKit/QMUIComponents/QMUIFillButton (4.1.3):
    - QMUIKit/QMUIComponents/QMUIButton
    - QMUIKit/QMUICore
  - QMUIKit/QMUIComponents/QMUIFloatLayoutView (4.1.3):
    - QMUIKit/QMUICore
  - QMUIKit/QMUIComponents/QMUIGhostButton (4.1.3):
    - QMUIKit/QMUIComponents/QMUIButton
    - QMUIKit/QMUICore
  - QMUIKit/QMUIComponents/QMUIGridView (4.1.3):
    - QMUIKit/QMUICore
  - QMUIKit/QMUIComponents/QMUIImagePickerLibrary (4.1.3):
    - QMUIKit/QMUIComponents/QMUIAlertController
    - QMUIKit/QMUIComponents/QMUIAppearance
    - QMUIKit/QMUIComponents/QMUIAssetLibrary
    - QMUIKit/QMUIComponents/QMUIButton
    - QMUIKit/QMUIComponents/QMUIEmptyView
    - QMUIKit/QMUIComponents/QMUIImagePreviewView
    - QMUIKit/QMUIComponents/QMUINavigationButton
    - QMUIKit/QMUIComponents/QMUITableViewCell
    - QMUIKit/QMUIComponents/QMUIZoomImageView
    - QMUIKit/QMUICore
    - QMUIKit/QMUIMainFrame
  - QMUIKit/QMUIComponents/QMUIImagePreviewView (4.1.3):
    - QMUIKit/QMUIComponents/QMUIAppearance
    - QMUIKit/QMUIComponents/QMUIButton
    - QMUIKit/QMUIComponents/QMUICollectionViewPagingLayout
    - QMUIKit/QMUIComponents/QMUIEmptyView
    - QMUIKit/QMUIComponents/QMUIPieProgressView
    - QMUIKit/QMUIComponents/QMUIZoomImageView
    - QMUIKit/QMUICore
    - QMUIKit/QMUIMainFrame
  - QMUIKit/QMUIComponents/QMUIKeyboardManager (4.1.3):
    - QMUIKit/QMUICore
  - QMUIKit/QMUIComponents/QMUILabel (4.1.3):
    - QMUIKit/QMUICore
  - QMUIKit/QMUIComponents/QMUILinkButton (4.1.3):
    - QMUIKit/QMUIComponents/QMUIButton
    - QMUIKit/QMUICore
  - QMUIKit/QMUIComponents/QMUILogManagerViewController (4.1.3):
    - QMUIKit/QMUIComponents/QMUIPopupMenuView
    - QMUIKit/QMUIComponents/QMUISearchController
    - QMUIKit/QMUIComponents/QMUIStaticTableView
    - QMUIKit/QMUIComponents/QMUITableView
    - QMUIKit/QMUICore
    - QMUIKit/QMUIMainFrame
  - QMUIKit/QMUIComponents/QMUILogWithConfigurationSupported (4.1.3):
    - QMUIKit/QMUICore
  - QMUIKit/QMUIComponents/QMUIMarqueeLabel (4.1.3):
    - QMUIKit/QMUICore
  - QMUIKit/QMUIComponents/QMUIModalPresentationViewController (4.1.3):
    - QMUIKit/QMUIComponents/QMUIAppearance
    - QMUIKit/QMUIComponents/QMUIKeyboardManager
    - QMUIKit/QMUICore
  - QMUIKit/QMUIComponents/QMUIMoreOperationController (4.1.3):
    - QMUIKit/QMUIComponents/QMUIAppearance
    - QMUIKit/QMUIComponents/QMUIButton
    - QMUIKit/QMUIComponents/QMUIModalPresentationViewController
    - QMUIKit/QMUICore
  - QMUIKit/QMUIComponents/QMUIMultipleDelegates (4.1.3):
    - QMUIKit/QMUICore
  - QMUIKit/QMUIComponents/QMUINavigationButton (4.1.3):
    - QMUIKit/QMUICore
    - QMUIKit/QMUIMainFrame
  - QMUIKit/QMUIComponents/QMUINavigationTitleView (4.1.3):
    - QMUIKit/QMUIComponents/QMUIAppearance
    - QMUIKit/QMUIComponents/QMUIButton
    - QMUIKit/QMUICore
  - QMUIKit/QMUIComponents/QMUIOrderedDictionary (4.1.3):
    - QMUIKit/QMUICore
  - QMUIKit/QMUIComponents/QMUIPieProgressView (4.1.3):
    - QMUIKit/QMUICore
  - QMUIKit/QMUIComponents/QMUIPopupContainerView (4.1.3):
    - QMUIKit/QMUIComponents/QMUIAppearance
    - QMUIKit/QMUICore
    - QMUIKit/QMUIMainFrame
  - QMUIKit/QMUIComponents/QMUIPopupMenuView (4.1.3):
    - QMUIKit/QMUIComponents/QMUIButton
    - QMUIKit/QMUIComponents/QMUIPopupContainerView
    - QMUIKit/QMUICore
  - QMUIKit/QMUIComponents/QMUIScrollAnimator (4.1.3):
    - QMUIKit/QMUIComponents/QMUIMultipleDelegates
    - QMUIKit/QMUICore
  - QMUIKit/QMUIComponents/QMUISearchBar (4.1.3):
    - QMUIKit/QMUICore
  - QMUIKit/QMUIComponents/QMUISearchController (4.1.3):
    - QMUIKit/QMUIComponents/QMUIEmptyView
    - QMUIKit/QMUIComponents/QMUISearchBar
    - QMUIKit/QMUICore
    - QMUIKit/QMUIMainFrame
  - QMUIKit/QMUIComponents/QMUISegmentedControl (4.1.3):
    - QMUIKit/QMUICore
  - QMUIKit/QMUIComponents/QMUISlider (4.1.3):
    - QMUIKit/QMUICore
  - QMUIKit/QMUIComponents/QMUIStaticTableView (4.1.3):
    - QMUIKit/QMUIComponents/QMUIMultipleDelegates
    - QMUIKit/QMUIComponents/QMUITableViewCell
    - QMUIKit/QMUICore
  - QMUIKit/QMUIComponents/QMUITableView (4.1.3):
    - QMUIKit/QMUIComponents/QMUITableViewProtocols
    - QMUIKit/QMUICore
  - QMUIKit/QMUIComponents/QMUITableViewCell (4.1.3):
    - QMUIKit/QMUIComponents/QMUIButton
    - QMUIKit/QMUICore
  - QMUIKit/QMUIComponents/QMUITableViewHeaderFooterView (4.1.3):
    - QMUIKit/QMUICore
  - QMUIKit/QMUIComponents/QMUITableViewProtocols (4.1.3):
    - QMUIKit/QMUICore
  - QMUIKit/QMUIComponents/QMUITestView (4.1.3):
    - QMUIKit/QMUICore
  - QMUIKit/QMUIComponents/QMUITextField (4.1.3):
    - QMUIKit/QMUIComponents/QMUIMultipleDelegates
    - QMUIKit/QMUICore
  - QMUIKit/QMUIComponents/QMUITextView (4.1.3):
    - QMUIKit/QMUIComponents/QMUILabel
    - QMUIKit/QMUIComponents/QMUIMultipleDelegates
    - QMUIKit/QMUICore
  - QMUIKit/QMUIComponents/QMUITheme (4.1.3):
    - QMUIKit/QMUIComponents/QMUIAlertController
    - QMUIKit/QMUIComponents/QMUIButton
    - QMUIKit/QMUIComponents/QMUIConsole
    - QMUIKit/QMUIComponents/QMUIEmotionView
    - QMUIKit/QMUIComponents/QMUIEmptyView
    - QMUIKit/QMUIComponents/QMUIFillButton
    - QMUIKit/QMUIComponents/QMUIGhostButton
    - QMUIKit/QMUIComponents/QMUIGridView
    - QMUIKit/QMUIComponents/QMUIImagePickerLibrary
    - QMUIKit/QMUIComponents/QMUIImagePreviewView
    - QMUIKit/QMUIComponents/QMUILabel
    - QMUIKit/QMUIComponents/QMUILinkButton
    - QMUIKit/QMUIComponents/QMUIModalPresentationViewController
    - QMUIKit/QMUIComponents/QMUIPopupContainerView
    - QMUIKit/QMUIComponents/QMUIPopupMenuView
    - QMUIKit/QMUIComponents/QMUISlider
    - QMUIKit/QMUIComponents/QMUITextField
    - QMUIKit/QMUIComponents/QMUITextView
    - QMUIKit/QMUIComponents/QMUIToastView
    - QMUIKit/QMUIComponents/QMUIVisualEffectView
    - QMUIKit/QMUICore
  - QMUIKit/QMUIComponents/QMUITips (4.1.3):
    - QMUIKit/QMUIComponents/QMUIToastView
    - QMUIKit/QMUICore
  - QMUIKit/QMUIComponents/QMUIToastView (4.1.3):
    - QMUIKit/QMUIComponents/QMUIKeyboardManager
    - QMUIKit/QMUIComponents/QMUIVisualEffectView
    - QMUIKit/QMUICore
  - QMUIKit/QMUIComponents/QMUIToolbarButton (4.1.3):
    - QMUIKit/QMUICore
  - QMUIKit/QMUIComponents/QMUIVisualEffectView (4.1.3):
    - QMUIKit/QMUIComponents/QMUICALayerExtension
    - QMUIKit/QMUICore
  - QMUIKit/QMUIComponents/QMUIWindowSizeMonitor (4.1.3):
    - QMUIKit/QMUICore
  - QMUIKit/QMUIComponents/QMUIZoomImageView (4.1.3):
    - QMUIKit/QMUIComponents/QMUIAssetLibrary
    - QMUIKit/QMUIComponents/QMUIButton
    - QMUIKit/QMUIComponents/QMUIEmptyView
    - QMUIKit/QMUIComponents/QMUIPieProgressView
    - QMUIKit/QMUIComponents/QMUISlider
    - QMUIKit/QMUICore
  - QMUIKit/QMUICore (4.1.3):
    - QMUIKit/QMUILog
    - QMUIKit/QMUIWeakObjectContainer
  - QMUIKit/QMUILog (4.1.3)
  - QMUIKit/QMUIMainFrame (4.1.3):
    - QMUIKit/QMUIComponents/QMUIEmptyView
    - QMUIKit/QMUIComponents/QMUIKeyboardManager
    - QMUIKit/QMUIComponents/QMUIMultipleDelegates
    - QMUIKit/QMUIComponents/QMUINavigationTitleView
    - QMUIKit/QMUIComponents/QMUITableView
    - QMUIKit/QMUIComponents/QMUITableViewHeaderFooterView
    - QMUIKit/QMUICore
    - QMUIKit/QMUILog
  - QMUIKit/QMUIWeakObjectContainer (4.1.3)
  - R.swift (5.2.2):
    - R.swift.Library (~> 5.2.0)
  - R.swift.Library (5.2.0)
  - Result (4.1.0)
  - RxCocoa (5.1.1):
    - RxRelay (~> 5)
    - RxSwift (~> 5)
  - RxDataSources (4.0.1):
    - Differentiator (~> 4.0)
    - RxCocoa (~> 5.0)
    - RxSwift (~> 5.0)
  - RxRelay (5.1.1):
    - RxSwift (~> 5)
  - RxSwift (5.1.1)
  - SkeletonView (1.8.7)
  - SnapKit (4.2.0)
  - SwiftyJSON (5.0.0)
  - YTKNetwork (3.0.6):
    - AFNetworking/NSURLSession (~> 4.0)
  - YYKit (1.0.9):
    - YYKit/no-arc (= 1.0.9)
  - YYKit/no-arc (1.0.9)
  - ZFPlayer (3.3.3):
    - ZFPlayer/Core (= 3.3.3)
  - ZFPlayer/Core (3.3.3)

DEPENDENCIES:
  - HandyJSON
  - Instructions
  - iVersion
  - KakaJSON
  - Kingfisher
  - MJRefresh
  - Moya
  - ObjectMapper
  - pop
  - QMUIKit
  - R.swift
  - RxCocoa
  - RxDataSources
  - RxSwift
  - SkeletonView
  - SnapKit
  - SwiftyJSON
  - YTKNetwork
  - YYKit
  - ZFPlayer

SPEC REPOS:
  trunk:
    - AFNetworking
    - Alamofire
    - Differentiator
    - HandyJSON
    - Instructions
    - iVersion
    - KakaJSON
    - Kingfisher
    - MJRefresh
    - Moya
    - ObjectMapper
    - pop
    - QMUIKit
    - R.swift
    - R.swift.Library
    - Result
    - RxCocoa
    - RxDataSources
    - RxRelay
    - RxSwift
    - SkeletonView
    - SnapKit
    - SwiftyJSON
    - YTKNetwork
    - YYKit
    - ZFPlayer

SPEC CHECKSUMS:
  AFNetworking: 7864c38297c79aaca1500c33288e429c3451fdce
  Alamofire: 85e8a02c69d6020a0d734f6054870d7ecb75cf18
  Differentiator: 886080237d9f87f322641dedbc5be257061b0602
  HandyJSON: 9e4e236f5d2dbefad5155a77417bbea438201c03
  Instructions: debf9cedeaf8d095108fd35d2c54b97ccf769e65
  iVersion: 3a93a89259eb3b52b0a8ba52c46a0027fa6b4d30
  KakaJSON: cc5ff50a8c1cfbb09413db8496cb709a209e6137
  Kingfisher: c148cd7b47ebde9989f6bc7c27dcaa79d81279a0
  MJRefresh: 53e3e3219f204425ee6d3e62e8733d3295944cd6
  Moya: f4a4b80ff2f8a4ffc208dfb31cd91636622fee6e
  ObjectMapper: 1eb41f610210777375fa806bf161dc39fb832b81
  pop: d582054913807fd11fd50bfe6a539d91c7e1a55a
  QMUIKit: 1063a99f90aedd6e2dd65026ce0df46e6785e67b
  R.swift: 7c52cdc57a66840ffe6cbd8a823d732059d42a32
  R.swift.Library: 5ba4f1631300caf9a4d890186930da85d540769d
  Result: bd966fac789cc6c1563440b348ab2598cc24d5c7
  RxCocoa: 32065309a38d29b5b0db858819b5bf9ef038b601
  RxDataSources: efee07fa4de48477eca0a4611e6d11e2da9c1114
  RxRelay: d77f7d771495f43c556cbc43eebd1bb54d01e8e9
  RxSwift: 81470a2074fa8780320ea5fe4102807cb7118178
  SkeletonView: ba5370f41280b2f0a76918bb143c1294232bb4f4
  SnapKit: fe8a619752f3f27075cc9a90244d75c6c3f27e2a
  SwiftyJSON: 36413e04c44ee145039d332b4f4e2d3e8d6c4db7
  YTKNetwork: c16be90b06be003de9e9cd0d3b187cc8eaf35c04
  YYKit: 7cda43304a8dc3696c449041e2cb3107b4e236e7
  ZFPlayer: 1310252c253b9958e4fcd411e706b99c31834eaf

PODFILE CHECKSUM: ca72e89601f99191a39bd32ccfe7c7803888267e

COCOAPODS: 1.11.2
